// !$*UTF8*$!
{
	archiveVersion = 1;
	classes = {
	};
	objectVersion = 46;
	objects = {

/* Begin PBXBuildFile section */
		052215331D29E57000A3D445 /* AppDelegate.swift in Sources */ = {isa = PBXBuildFile; fileRef = 052215321D29E57000A3D445 /* AppDelegate.swift */; };
		052215351D29E57000A3D445 /* ViewController.swift in Sources */ = {isa = PBXBuildFile; fileRef = 052215341D29E57000A3D445 /* ViewController.swift */; };
		0522153A1D29E57000A3D445 /* Assets.xcassets in Resources */ = {isa = PBXBuildFile; fileRef = 052215391D29E57000A3D445 /* Assets.xcassets */; };
		0522153D1D29E57000A3D445 /* LaunchScreen.storyboard in Resources */ = {isa = PBXBuildFile; fileRef = 0522153B1D29E57000A3D445 /* LaunchScreen.storyboard */; };
		052215451D29E5A000A3D445 /* BookDataSource.swift in Sources */ = {isa = PBXBuildFile; fileRef = 052215441D29E5A000A3D445 /* BookDataSource.swift */; };
		052215471D29E5B600A3D445 /* Book.swift in Sources */ = {isa = PBXBuildFile; fileRef = 052215461D29E5B600A3D445 /* Book.swift */; };
		052215491D29E63900A3D445 /* BookTableViewCell.swift in Sources */ = {isa = PBXBuildFile; fileRef = 052215481D29E63900A3D445 /* BookTableViewCell.swift */; };
/* End PBXBuildFile section */

/* Begin PBXFileReference section */
		0522152F1D29E57000A3D445 /* DynamicCellHeightProgrammaticStarter.app */ = {isa = PBXFileReference; explicitFileType = wrapper.application; includeInIndex = 0; path = DynamicCellHeightProgrammaticStarter.app; sourceTree = BUILT_PRODUCTS_DIR; };
		052215321D29E57000A3D445 /* AppDelegate.swift */ = {isa = PBXFileReference; lastKnownFileType = sourcecode.swift; path = AppDelegate.swift; sourceTree = "<group>"; };
		052215341D29E57000A3D445 /* ViewController.swift */ = {isa = PBXFileReference; lastKnownFileType = sourcecode.swift; path = ViewController.swift; sourceTree = "<group>"; };
		052215391D29E57000A3D445 /* Assets.xcassets */ = {isa = PBXFileReference; lastKnownFileType = folder.assetcatalog; path = Assets.xcassets; sourceTree = "<group>"; };
		0522153C1D29E57000A3D445 /* Base */ = {isa = PBXFileReference; lastKnownFileType = file.storyboard; name = Base; path = Base.lproj/LaunchScreen.storyboard; sourceTree = "<group>"; };
		0522153E1D29E57000A3D445 /* Info.plist */ = {isa = PBXFileReference; lastKnownFileType = text.plist.xml; path = Info.plist; sourceTree = "<group>"; };
		052215441D29E5A000A3D445 /* BookDataSource.swift */ = {isa = PBXFileReference; fileEncoding = 4; lastKnownFileType = sourcecode.swift; path = BookDataSource.swift; sourceTree = "<group>"; };
		052215461D29E5B600A3D445 /* Book.swift */ = {isa = PBXFileReference; fileEncoding = 4; lastKnownFileType = sourcecode.swift; path = Book.swift; sourceTree = "<group>"; };
		052215481D29E63900A3D445 /* BookTableViewCell.swift */ = {isa = PBXFileReference; fileEncoding = 4; lastKnownFileType = sourcecode.swift; path = BookTableViewCell.swift; sourceTree = "<group>"; };
/* End PBXFileReference section */

/* Begin PBXFrameworksBuildPhase section */
		0522152C1D29E57000A3D445 /* Frameworks */ = {
			isa = PBXFrameworksBuildPhase;
			buildActionMask = 2147483647;
			files = (
			);
			runOnlyForDeploymentPostprocessing = 0;
		};
/* End PBXFrameworksBuildPhase section */

/* Begin PBXGroup section */
		052215261D29E57000A3D445 = {
			isa = PBXGroup;
			children = (
				052215311D29E57000A3D445 /* DynamicCellHeightProgrammaticStarter */,
				052215301D29E57000A3D445 /* Products */,
			);
			sourceTree = "<group>";
		};
		052215301D29E57000A3D445 /* Products */ = {
			isa = PBXGroup;
			children = (
				0522152F1D29E57000A3D445 /* DynamicCellHeightProgrammaticStarter.app */,
			);
			name = Products;
			sourceTree = "<group>";
		};
		052215311D29E57000A3D445 /* DynamicCellHeightProgrammaticStarter */ = {
			isa = PBXGroup;
			children = (
				052215321D29E57000A3D445 /* AppDelegate.swift */,
				052215341D29E57000A3D445 /* ViewController.swift */,
				052215391D29E57000A3D445 /* Assets.xcassets */,
				0522153B1D29E57000A3D445 /* LaunchScreen.storyboard */,
				0522153E1D29E57000A3D445 /* Info.plist */,
				052215441D29E5A000A3D445 /* BookDataSource.swift */,
				052215461D29E5B600A3D445 /* Book.swift */,
				052215481D29E63900A3D445 /* BookTableViewCell.swift */,
			);
			path = DynamicCellHeightProgrammaticStarter;
			sourceTree = "<group>";
		};
/* End PBXGroup section */

/* Begin PBXNativeTarget section */
		0522152E1D29E57000A3D445 /* DynamicCellHeightProgrammaticStarter */ = {
			isa = PBXNativeTarget;
			buildConfigurationList = 052215411D29E57000A3D445 /* Build configuration list for PBXNativeTarget "DynamicCellHeightProgrammaticStarter" */;
			buildPhases = (
				0522152B1D29E57000A3D445 /* Sources */,
				0522152C1D29E57000A3D445 /* Frameworks */,
				0522152D1D29E57000A3D445 /* Resources */,
			);
			buildRules = (
			);
			dependencies = (
			);
			name = DynamicCellHeightProgrammaticStarter;
			productName = DynamicCellHeightProgrammaticStarter;
			productReference = 0522152F1D29E57000A3D445 /* DynamicCellHeightProgrammaticStarter.app */;
			productType = "com.apple.product-type.application";
		};
/* End PBXNativeTarget section */

/* Begin PBXProject section */
		052215271D29E57000A3D445 /* Project object */ = {
			isa = PBXProject;
			attributes = {
				LastSwiftUpdateCheck = 0730;
				LastUpgradeCheck = 0730;
				ORGANIZATIONNAME = Satinder;
				TargetAttributes = {
					0522152E1D29E57000A3D445 = {
						CreatedOnToolsVersion = 7.3.1;
					};
				};
			};
			buildConfigurationList = 0522152A1D29E57000A3D445 /* Build configuration list for PBXProject "DynamicCellHeightProgrammaticStarter" */;
			compatibilityVersion = "Xcode 3.2";
			developmentRegion = English;
			hasScannedForEncodings = 0;
			knownRegions = (
				en,
				Base,
			);
			mainGroup = 052215261D29E57000A3D445;
			productRefGroup = 052215301D29E57000A3D445 /* Products */;
			projectDirPath = "";
			projectRoot = "";
			targets = (
				0522152E1D29E57000A3D445 /* DynamicCellHeightProgrammaticStarter */,
			);
		};
/* End PBXProject section */

/* Begin PBXResourcesBuildPhase section */
		0522152D1D29E57000A3D445 /* Resources */ = {
			isa = PBXResourcesBuildPhase;
			buildActionMask = 2147483647;
			files = (
				0522153D1D29E57000A3D445 /* LaunchScreen.storyboard in Resources */,
				0522153A1D29E57000A3D445 /* Assets.xcassets in Resources */,
			);
			runOnlyForDeploymentPostprocessing = 0;
		};
/* End PBXResourcesBuildPhase section */

/* Begin PBXSourcesBuildPhase section */
		0522152B1D29E57000A3D445 /* Sources */ = {
			isa = PBXSourcesBuildPhase;
			buildActionMask = 2147483647;
			files = (
				052215471D29E5B600A3D445 /* Book.swift in Sources */,
				052215351D29E57000A3D445 /* ViewController.swift in Sources */,
				052215331D29E57000A3D445 /* AppDelegate.swift in Sources */,
				052215491D29E63900A3D445 /* BookTableViewCell.swift in Sources */,
				052215451D29E5A000A3D445 /* BookDataSource.swift in Sources */,
			);
			runOnlyForDeploymentPostprocessing = 0;
		};
/* End PBXSourcesBuildPhase section */

/* Begin PBXVariantGroup section */
		0522153B1D29E57000A3D445 /* LaunchScreen.storyboard */ = {
			isa = PBXVariantGroup;
			children = (
				0522153C1D29E57000A3D445 /* Base */,
			);
			name = LaunchScreen.storyboard;
			sourceTree = "<group>";
		};
/* End PBXVariantGroup section */

/* Begin XCBuildConfiguration section */
		0522153F1D29E57000A3D445 /* Debug */ = {
			isa = XCBuildConfiguration;
			buildSettings = {
				ALWAYS_SEARCH_USER_PATHS = NO;
				CLANG_ANALYZER_NONNULL = YES;
				CLANG_CXX_LANGUAGE_STANDARD = "gnu++0x";
				CLANG_CXX_LIBRARY = "libc++";
				CLANG_ENABLE_MODULES = YES;
				CLANG_ENABLE_OBJC_ARC = YES;
				CLANG_WARN_BOOL_CONVERSION = YES;
				CLANG_WARN_CONSTANT_CONVERSION = YES;
				CLANG_WARN_DIRECT_OBJC_ISA_USAGE = YES_ERROR;
				CLANG_WARN_EMPTY_BODY = YES;
				CLANG_WARN_ENUM_CONVERSION = YES;
				CLANG_WARN_INT_CONVERSION = YES;
				CLANG_WARN_OBJC_ROOT_CLASS = YES_ERROR;
				CLANG_WARN_UNREACHABLE_CODE = YES;
				CLANG_WARN__DUPLICATE_METHOD_MATCH = YES;
				"CODE_SIGN_IDENTITY[sdk=iphoneos*]" = "iPhone Developer";
				COPY_PHASE_STRIP = NO;
				DEBUG_INFORMATION_FORMAT = dwarf;
				ENABLE_STRICT_OBJC_MSGSEND = YES;
				ENABLE_TESTABILITY = YES;
				GCC_C_LANGUAGE_STANDARD = gnu99;
				GCC_DYNAMIC_NO_PIC = NO;
				GCC_NO_COMMON_BLOCKS = YES;
				GCC_OPTIMIZATION_LEVEL = 0;
				GCC_PREPROCESSOR_DEFINITIONS = (
					"DEBUG=1",
					"$(inherited)",
				);
				GCC_WARN_64_TO_32_BIT_CONVERSION = YES;
				GCC_WARN_ABOUT_RETURN_TYPE = YES_ERROR;
				GCC_WARN_UNDECLARED_SELECTOR = YES;
				GCC_WARN_UNINITIALIZED_AUTOS = YES_AGGRESSIVE;
				GCC_WARN_UNUSED_FUNCTION = YES;
				GCC_WARN_UNUSED_VARIABLE = YES;
				IPHONEOS_DEPLOYMENT_TARGET = 9.3;
				MTL_ENABLE_DEBUG_INFO = YES;
				ONLY_ACTIVE_ARCH = YES;
				SDKROOT = iphoneos;
				SWIFT_OPTIMIZATION_LEVEL = "-Onone";
				TARGETED_DEVICE_FAMILY = "1,2";
			};
			name = Debug;
		};
		052215401D29E57000A3D445 /* Release */ = {
			isa = XCBuildConfiguration;
			buildSettings = {
				ALWAYS_SEARCH_USER_PATHS = NO;
				CLANG_ANALYZER_NONNULL = YES;
				CLANG_CXX_LANGUAGE_STANDARD = "gnu++0x";
				CLANG_CXX_LIBRARY = "libc++";
				CLANG_ENABLE_MODULES = YES;
				CLANG_ENABLE_OBJC_ARC = YES;
				CLANG_WARN_BOOL_CONVERSION = YES;
				CLANG_WARN_CONSTANT_CONVERSION = YES;
				CLANG_WARN_DIRECT_OBJC_ISA_USAGE = YES_ERROR;
				CLANG_WARN_EMPTY_BODY = YES;
				CLANG_WARN_ENUM_CONVERSION = YES;
				CLANG_WARN_INT_CONVERSION = YES;
				CLANG_WARN_OBJC_ROOT_CLASS = YES_ERROR;
				CLANG_WARN_UNREACHABLE_CODE = YES;
				CLANG_WARN__DUPLICATE_METHOD_MATCH = YES;
				"CODE_SIGN_IDENTITY[sdk=iphoneos*]" = "iPhone Developer";
				COPY_PHASE_STRIP = NO;
				DEBUG_INFORMATION_FORMAT = "dwarf-with-dsym";
				ENABLE_NS_ASSERTIONS = NO;
				ENABLE_STRICT_OBJC_MSGSEND = YES;
				GCC_C_LANGUAGE_STANDARD = gnu99;
				GCC_NO_COMMON_BLOCKS = YES;
				GCC_WARN_64_TO_32_BIT_CONVERSION = YES;
				GCC_WARN_ABOUT_RETURN_TYPE = YES_ERROR;
				GCC_WARN_UNDECLARED_SELECTOR = YES;
				GCC_WARN_UNINITIALIZED_AUTOS = YES_AGGRESSIVE;
				GCC_WARN_UNUSED_FUNCTION = YES;
				GCC_WARN_UNUSED_VARIABLE = YES;
				IPHONEOS_DEPLOYMENT_TARGET = 9.3;
				MTL_ENABLE_DEBUG_INFO = NO;
				SDKROOT = iphoneos;
				TARGETED_DEVICE_FAMILY = "1,2";
				VALIDATE_PRODUCT = YES;
			};
			name = Release;
		};
		052215421D29E57000A3D445 /* Debug */ = {
			isa = XCBuildConfiguration;
			buildSettings = {
				ASSETCATALOG_COMPILER_APPICON_NAME = AppIcon;
				INFOPLIST_FILE = DynamicCellHeightProgrammaticStarter/Info.plist;
				LD_RUNPATH_SEARCH_PATHS = "$(inherited) @executable_path/Frameworks";
				PRODUCT_BUNDLE_IDENTIFIER = SS.DynamicCellHeightProgrammaticStarter;
				PRODUCT_NAME = "$(TARGET_NAME)";
			};
			name = Debug;
		};
		052215431D29E57000A3D445 /* Release */ = {
			isa = XCBuildConfiguration;
			buildSettings = {
				ASSETCATALOG_COMPILER_APPICON_NAME = AppIcon;
				INFOPLIST_FILE = DynamicCellHeightProgrammaticStarter/Info.plist;
				LD_RUNPATH_SEARCH_PATHS = "$(inherited) @executable_path/Frameworks";
				PRODUCT_BUNDLE_IDENTIFIER = SS.DynamicCellHeightProgrammaticStarter;
				PRODUCT_NAME = "$(TARGET_NAME)";
			};
			name = Release;
		};
/* End XCBuildConfiguration section */

/* Begin XCConfigurationList section */
		0522152A1D29E57000A3D445 /* Build configuration list for PBXProject "DynamicCellHeightProgrammaticStarter" */ = {
			isa = XCConfigurationList;
			buildConfigurations = (
				0522153F1D29E57000A3D445 /* Debug */,
				052215401D29E57000A3D445 /* Release */,
			);
			defaultConfigurationIsVisible = 0;
			defaultConfigurationName = Release;
		};
		052215411D29E57000A3D445 /* Build configuration list for PBXNativeTarget "DynamicCellHeightProgrammaticStarter" */ = {
			isa = XCConfigurationList;
			buildConfigurations = (
				052215421D29E57000A3D445 /* Debug */,
				052215431D29E57000A3D445 /* Release */,
			);
			defaultConfigurationIsVisible = 0;
		};
/* End XCConfigurationList section */
	};
	rootObject = 052215271D29E57000A3D445 /* Project object */;
}
