// !$*UTF8*$!
{
	archiveVersion = 1;
	classes = {
	};
	objectVersion = 46;
	objects = {

/* Begin PBXBuildFile section */
		052214D31D29BDE700A3D445 /* AppDelegate.swift in Sources */ = {isa = PBXBuildFile; fileRef = 052214D21D29BDE700A3D445 /* AppDelegate.swift */; };
		052214D51D29BDE700A3D445 /* ViewController.swift in Sources */ = {isa = PBXBuildFile; fileRef = 052214D41D29BDE700A3D445 /* ViewController.swift */; };
		052214DA1D29BDE700A3D445 /* Assets.xcassets in Resources */ = {isa = PBXBuildFile; fileRef = 052214D91D29BDE700A3D445 /* Assets.xcassets */; };
		052214DD1D29BDE700A3D445 /* LaunchScreen.storyboard in Resources */ = {isa = PBXBuildFile; fileRef = 052214DB1D29BDE700A3D445 /* LaunchScreen.storyboard */; };
		052214E51D29BE9B00A3D445 /* BookTableViewCell.swift in Sources */ = {isa = PBXBuildFile; fileRef = 052214E41D29BE9B00A3D445 /* BookTableViewCell.swift */; };
		052214E71D29C0DB00A3D445 /* Book.swift in Sources */ = {isa = PBXBuildFile; fileRef = 052214E61D29C0DB00A3D445 /* Book.swift */; };
		052214E91D29C14C00A3D445 /* BookDataSource.swift in Sources */ = {isa = PBXBuildFile; fileRef = 052214E81D29C14C00A3D445 /* BookDataSource.swift */; };
/* End PBXBuildFile section */

/* Begin PBXFileReference section */
		052214CF1D29BDE700A3D445 /* DynamicCellHeightProgrammatic.app */ = {isa = PBXFileReference; explicitFileType = wrapper.application; includeInIndex = 0; path = DynamicCellHeightProgrammatic.app; sourceTree = BUILT_PRODUCTS_DIR; };
		052214D21D29BDE700A3D445 /* AppDelegate.swift */ = {isa = PBXFileReference; lastKnownFileType = sourcecode.swift; path = AppDelegate.swift; sourceTree = "<group>"; };
		052214D41D29BDE700A3D445 /* ViewController.swift */ = {isa = PBXFileReference; lastKnownFileType = sourcecode.swift; path = ViewController.swift; sourceTree = "<group>"; };
		052214D91D29BDE700A3D445 /* Assets.xcassets */ = {isa = PBXFileReference; lastKnownFileType = folder.assetcatalog; path = Assets.xcassets; sourceTree = "<group>"; };
		052214DC1D29BDE700A3D445 /* Base */ = {isa = PBXFileReference; lastKnownFileType = file.storyboard; name = Base; path = Base.lproj/LaunchScreen.storyboard; sourceTree = "<group>"; };
		052214DE1D29BDE700A3D445 /* Info.plist */ = {isa = PBXFileReference; lastKnownFileType = text.plist.xml; path = Info.plist; sourceTree = "<group>"; };
		052214E41D29BE9B00A3D445 /* BookTableViewCell.swift */ = {isa = PBXFileReference; fileEncoding = 4; lastKnownFileType = sourcecode.swift; path = BookTableViewCell.swift; sourceTree = "<group>"; };
		052214E61D29C0DB00A3D445 /* Book.swift */ = {isa = PBXFileReference; fileEncoding = 4; lastKnownFileType = sourcecode.swift; path = Book.swift; sourceTree = "<group>"; };
		052214E81D29C14C00A3D445 /* BookDataSource.swift */ = {isa = PBXFileReference; fileEncoding = 4; lastKnownFileType = sourcecode.swift; path = BookDataSource.swift; sourceTree = "<group>"; };
/* End PBXFileReference section */

/* Begin PBXFrameworksBuildPhase section */
		052214CC1D29BDE700A3D445 /* Frameworks */ = {
			isa = PBXFrameworksBuildPhase;
			buildActionMask = 2147483647;
			files = (
			);
			runOnlyForDeploymentPostprocessing = 0;
		};
/* End PBXFrameworksBuildPhase section */

/* Begin PBXGroup section */
		052214C61D29BDE700A3D445 = {
			isa = PBXGroup;
			children = (
				052214D11D29BDE700A3D445 /* DynamicCellHeightProgrammatic */,
				052214D01D29BDE700A3D445 /* Products */,
			);
			sourceTree = "<group>";
		};
		052214D01D29BDE700A3D445 /* Products */ = {
			isa = PBXGroup;
			children = (
				052214CF1D29BDE700A3D445 /* DynamicCellHeightProgrammatic.app */,
			);
			name = Products;
			sourceTree = "<group>";
		};
		052214D11D29BDE700A3D445 /* DynamicCellHeightProgrammatic */ = {
			isa = PBXGroup;
			children = (
				052214D21D29BDE700A3D445 /* AppDelegate.swift */,
				052214E81D29C14C00A3D445 /* BookDataSource.swift */,
				052214D41D29BDE700A3D445 /* ViewController.swift */,
				052214E41D29BE9B00A3D445 /* BookTableViewCell.swift */,
				052214E61D29C0DB00A3D445 /* Book.swift */,
				052214D91D29BDE700A3D445 /* Assets.xcassets */,
				052214DB1D29BDE700A3D445 /* LaunchScreen.storyboard */,
				052214DE1D29BDE700A3D445 /* Info.plist */,
			);
			path = DynamicCellHeightProgrammatic;
			sourceTree = "<group>";
		};
/* End PBXGroup section */

/* Begin PBXNativeTarget section */
		052214CE1D29BDE700A3D445 /* DynamicCellHeightProgrammatic */ = {
			isa = PBXNativeTarget;
			buildConfigurationList = 052214E11D29BDE700A3D445 /* Build configuration list for PBXNativeTarget "DynamicCellHeightProgrammatic" */;
			buildPhases = (
				052214CB1D29BDE700A3D445 /* Sources */,
				052214CC1D29BDE700A3D445 /* Frameworks */,
				052214CD1D29BDE700A3D445 /* Resources */,
			);
			buildRules = (
			);
			dependencies = (
			);
			name = DynamicCellHeightProgrammatic;
			productName = DynamicCellHeightProgrammatic;
			productReference = 052214CF1D29BDE700A3D445 /* DynamicCellHeightProgrammatic.app */;
			productType = "com.apple.product-type.application";
		};
/* End PBXNativeTarget section */

/* Begin PBXProject section */
		052214C71D29BDE700A3D445 /* Project object */ = {
			isa = PBXProject;
			attributes = {
				LastSwiftUpdateCheck = 0730;
				LastUpgradeCheck = 0730;
				ORGANIZATIONNAME = Satinder;
				TargetAttributes = {
					052214CE1D29BDE700A3D445 = {
						CreatedOnToolsVersion = 7.3.1;
					};
				};
			};
			buildConfigurationList = 052214CA1D29BDE700A3D445 /* Build configuration list for PBXProject "DynamicCellHeightProgrammatic" */;
			compatibilityVersion = "Xcode 3.2";
			developmentRegion = English;
			hasScannedForEncodings = 0;
			knownRegions = (
				en,
				Base,
			);
			mainGroup = 052214C61D29BDE700A3D445;
			productRefGroup = 052214D01D29BDE700A3D445 /* Products */;
			projectDirPath = "";
			projectRoot = "";
			targets = (
				052214CE1D29BDE700A3D445 /* DynamicCellHeightProgrammatic */,
			);
		};
/* End PBXProject section */

/* Begin PBXResourcesBuildPhase section */
		052214CD1D29BDE700A3D445 /* Resources */ = {
			isa = PBXResourcesBuildPhase;
			buildActionMask = 2147483647;
			files = (
				052214DD1D29BDE700A3D445 /* LaunchScreen.storyboard in Resources */,
				052214DA1D29BDE700A3D445 /* Assets.xcassets in Resources */,
			);
			runOnlyForDeploymentPostprocessing = 0;
		};
/* End PBXResourcesBuildPhase section */

/* Begin PBXSourcesBuildPhase section */
		052214CB1D29BDE700A3D445 /* Sources */ = {
			isa = PBXSourcesBuildPhase;
			buildActionMask = 2147483647;
			files = (
				052214E71D29C0DB00A3D445 /* Book.swift in Sources */,
				052214D51D29BDE700A3D445 /* ViewController.swift in Sources */,
				052214E91D29C14C00A3D445 /* BookDataSource.swift in Sources */,
				052214E51D29BE9B00A3D445 /* BookTableViewCell.swift in Sources */,
				052214D31D29BDE700A3D445 /* AppDelegate.swift in Sources */,
			);
			runOnlyForDeploymentPostprocessing = 0;
		};
/* End PBXSourcesBuildPhase section */

/* Begin PBXVariantGroup section */
		052214DB1D29BDE700A3D445 /* LaunchScreen.storyboard */ = {
			isa = PBXVariantGroup;
			children = (
				052214DC1D29BDE700A3D445 /* Base */,
			);
			name = LaunchScreen.storyboard;
			sourceTree = "<group>";
		};
/* End PBXVariantGroup section */

/* Begin XCBuildConfiguration section */
		052214DF1D29BDE700A3D445 /* Debug */ = {
			isa = XCBuildConfiguration;
			buildSettings = {
				ALWAYS_SEARCH_USER_PATHS = NO;
				CLANG_ANALYZER_NONNULL = YES;
				CLANG_CXX_LANGUAGE_STANDARD = "gnu++0x";
				CLANG_CXX_LIBRARY = "libc++";
				CLANG_ENABLE_MODULES = YES;
				CLANG_ENABLE_OBJC_ARC = YES;
				CLANG_WARN_BOOL_CONVERSION = YES;
				CLANG_WARN_CONSTANT_CONVERSION = YES;
				CLANG_WARN_DIRECT_OBJC_ISA_USAGE = YES_ERROR;
				CLANG_WARN_EMPTY_BODY = YES;
				CLANG_WARN_ENUM_CONVERSION = YES;
				CLANG_WARN_INT_CONVERSION = YES;
				CLANG_WARN_OBJC_ROOT_CLASS = YES_ERROR;
				CLANG_WARN_UNREACHABLE_CODE = YES;
				CLANG_WARN__DUPLICATE_METHOD_MATCH = YES;
				"CODE_SIGN_IDENTITY[sdk=iphoneos*]" = "iPhone Developer";
				COPY_PHASE_STRIP = NO;
				DEBUG_INFORMATION_FORMAT = dwarf;
				ENABLE_STRICT_OBJC_MSGSEND = YES;
				ENABLE_TESTABILITY = YES;
				GCC_C_LANGUAGE_STANDARD = gnu99;
				GCC_DYNAMIC_NO_PIC = NO;
				GCC_NO_COMMON_BLOCKS = YES;
				GCC_OPTIMIZATION_LEVEL = 0;
				GCC_PREPROCESSOR_DEFINITIONS = (
					"DEBUG=1",
					"$(inherited)",
				);
				GCC_WARN_64_TO_32_BIT_CONVERSION = YES;
				GCC_WARN_ABOUT_RETURN_TYPE = YES_ERROR;
				GCC_WARN_UNDECLARED_SELECTOR = YES;
				GCC_WARN_UNINITIALIZED_AUTOS = YES_AGGRESSIVE;
				GCC_WARN_UNUSED_FUNCTION = YES;
				GCC_WARN_UNUSED_VARIABLE = YES;
				IPHONEOS_DEPLOYMENT_TARGET = 9.3;
				MTL_ENABLE_DEBUG_INFO = YES;
				ONLY_ACTIVE_ARCH = YES;
				SDKROOT = iphoneos;
				SWIFT_OPTIMIZATION_LEVEL = "-Onone";
				TARGETED_DEVICE_FAMILY = "1,2";
			};
			name = Debug;
		};
		052214E01D29BDE700A3D445 /* Release */ = {
			isa = XCBuildConfiguration;
			buildSettings = {
				ALWAYS_SEARCH_USER_PATHS = NO;
				CLANG_ANALYZER_NONNULL = YES;
				CLANG_CXX_LANGUAGE_STANDARD = "gnu++0x";
				CLANG_CXX_LIBRARY = "libc++";
				CLANG_ENABLE_MODULES = YES;
				CLANG_ENABLE_OBJC_ARC = YES;
				CLANG_WARN_BOOL_CONVERSION = YES;
				CLANG_WARN_CONSTANT_CONVERSION = YES;
				CLANG_WARN_DIRECT_OBJC_ISA_USAGE = YES_ERROR;
				CLANG_WARN_EMPTY_BODY = YES;
				CLANG_WARN_ENUM_CONVERSION = YES;
				CLANG_WARN_INT_CONVERSION = YES;
				CLANG_WARN_OBJC_ROOT_CLASS = YES_ERROR;
				CLANG_WARN_UNREACHABLE_CODE = YES;
				CLANG_WARN__DUPLICATE_METHOD_MATCH = YES;
				"CODE_SIGN_IDENTITY[sdk=iphoneos*]" = "iPhone Developer";
				COPY_PHASE_STRIP = NO;
				DEBUG_INFORMATION_FORMAT = "dwarf-with-dsym";
				ENABLE_NS_ASSERTIONS = NO;
				ENABLE_STRICT_OBJC_MSGSEND = YES;
				GCC_C_LANGUAGE_STANDARD = gnu99;
				GCC_NO_COMMON_BLOCKS = YES;
				GCC_WARN_64_TO_32_BIT_CONVERSION = YES;
				GCC_WARN_ABOUT_RETURN_TYPE = YES_ERROR;
				GCC_WARN_UNDECLARED_SELECTOR = YES;
				GCC_WARN_UNINITIALIZED_AUTOS = YES_AGGRESSIVE;
				GCC_WARN_UNUSED_FUNCTION = YES;
				GCC_WARN_UNUSED_VARIABLE = YES;
				IPHONEOS_DEPLOYMENT_TARGET = 9.3;
				MTL_ENABLE_DEBUG_INFO = NO;
				SDKROOT = iphoneos;
				TARGETED_DEVICE_FAMILY = "1,2";
				VALIDATE_PRODUCT = YES;
			};
			name = Release;
		};
		052214E21D29BDE700A3D445 /* Debug */ = {
			isa = XCBuildConfiguration;
			buildSettings = {
				ASSETCATALOG_COMPILER_APPICON_NAME = AppIcon;
				INFOPLIST_FILE = DynamicCellHeightProgrammatic/Info.plist;
				LD_RUNPATH_SEARCH_PATHS = "$(inherited) @executable_path/Frameworks";
				PRODUCT_BUNDLE_IDENTIFIER = SS.DynamicCellHeightProgrammatic;
				PRODUCT_NAME = "$(TARGET_NAME)";
			};
			name = Debug;
		};
		052214E31D29BDE700A3D445 /* Release */ = {
			isa = XCBuildConfiguration;
			buildSettings = {
				ASSETCATALOG_COMPILER_APPICON_NAME = AppIcon;
				INFOPLIST_FILE = DynamicCellHeightProgrammatic/Info.plist;
				LD_RUNPATH_SEARCH_PATHS = "$(inherited) @executable_path/Frameworks";
				PRODUCT_BUNDLE_IDENTIFIER = SS.DynamicCellHeightProgrammatic;
				PRODUCT_NAME = "$(TARGET_NAME)";
			};
			name = Release;
		};
/* End XCBuildConfiguration section */

/* Begin XCConfigurationList section */
		052214CA1D29BDE700A3D445 /* Build configuration list for PBXProject "DynamicCellHeightProgrammatic" */ = {
			isa = XCConfigurationList;
			buildConfigurations = (
				052214DF1D29BDE700A3D445 /* Debug */,
				052214E01D29BDE700A3D445 /* Release */,
			);
			defaultConfigurationIsVisible = 0;
			defaultConfigurationName = Release;
		};
		052214E11D29BDE700A3D445 /* Build configuration list for PBXNativeTarget "DynamicCellHeightProgrammatic" */ = {
			isa = XCConfigurationList;
			buildConfigurations = (
				052214E21D29BDE700A3D445 /* Debug */,
				052214E31D29BDE700A3D445 /* Release */,
			);
			defaultConfigurationIsVisible = 0;
			defaultConfigurationName = Release;
		};
/* End XCConfigurationList section */
	};
	rootObject = 052214C71D29BDE700A3D445 /* Project object */;
}
